
Microsoft Visual Studio Solution File, Format Version 12.00
# Visual Studio Version 16
VisualStudioVersion = 16.0.30907.101
MinimumVisualStudioVersion = 10.0.40219.1
Project("{8BC9CEB8-8B4A-11D0-8D11-00A0C91BC942}") = "Live2D_Test", "Live2D_Test\Live2D_Test.vcxproj", "{0F5EAD84-2C2B-4C61-BAEF-80DFA20D04D1}"
EndProject
Global
	GlobalSection(SolutionConfigurationPlatforms) = preSolution
		Debug|x64 = Debug|x64
		Debug|x86 = Debug|x86
		Release|x64 = Release|x64
		Release|x86 = Release|x86
	EndGlobalSection
	GlobalSection(ProjectConfigurationPlatforms) = postSolution
		{0F5EAD84-2C2B-4C61-BAEF-80DFA20D04D1}.Debug|x64.ActiveCfg = Debug|x64
		{0F5EAD84-2C2B-4C61-BAEF-80DFA20D04D1}.Debug|x64.Build.0 = Debug|x64
		{0F5EAD84-2C2B-4C61-BAEF-80DFA20D04D1}.Debug|x86.ActiveCfg = Debug|Win32
		{0F5EAD84-2C2B-4C61-BAEF-80DFA20D04D1}.Debug|x86.Build.0 = Debug|Win32
		{0F5EAD84-2C2B-4C61-BAEF-80DFA20D04D1}.Release|x64.ActiveCfg = Release|x64
		{0F5EAD84-2C2B-4C61-BAEF-80DFA20D04D1}.Release|x64.Build.0 = Release|x64
		{0F5EAD84-2C2B-4C61-BAEF-80DFA20D04D1}.Release|x86.ActiveCfg = Release|Win32
		{0F5EAD84-2C2B-4C61-BAEF-80DFA20D04D1}.Release|x86.Build.0 = Release|Win32
	EndGlobalSection
	GlobalSection(SolutionProperties) = preSolution
		HideSolutionNode = FALSE
	EndGlobalSection
	GlobalSection(ExtensibilityGlobals) = postSolution
		SolutionGuid = {3DB12FDF-5A0F-4DEF-8BD8-0AF21F2B8442}
	EndGlobalSection
EndGlobal
